PODS:
  - BusAKit (0.1.0):
    - YakerKit
  - YakerKit (0.1.5)

DEPENDENCIES:
  - BusAKit (from `../`)
  - YakerKit

SPEC REPOS:
  https://github.com/nadeal/geraSpecs.git:
    - YakerKit

EXTERNAL SOURCES:
  BusAKit:
    :path: "../"

SPEC CHECKSUMS:
  BusAKit: 889b9b678c1e3141777f75fad08382e99e2c39ae
  YakerKit: 375ce438e2b7fc278e414d075fd4dd7d9a81f9c1

PODFILE CHECKSUM: e9511f09d16897a39c2a9312010b5a74b13d52d1

COCOAPODS: 1.10.1
