PODS:
  - BusAKit (0.1.0):
    - YakerKit
  - YakerKit (0.1.4)

DEPENDENCIES:
  - BusAKit (from `../`)

SPEC REPOS:
  https://github.com/nadeal/geraSpecs.git:
    - YakerKit

EXTERNAL SOURCES:
  BusAKit:
    :path: "../"

SPEC CHECKSUMS:
  BusAKit: 889b9b678c1e3141777f75fad08382e99e2c39ae
  YakerKit: cd8ce6ee09bcff5ee3863dcf69a7b02205bbbcda

PODFILE CHECKSUM: ace9a0bb400f71aabedd956bed0bc00a90235b24

COCOAPODS: 1.10.1
